
Microsoft Visual Studio Solution File, Format Version 12.00
# Visual Studio Version 17
VisualStudioVersion = 17.9.34701.34
MinimumVisualStudioVersion = 10.0.40219.1
Project("{8BC9CEB8-8B4A-11D0-8D11-00A0C91BC942}") = "ARCANOID", "ARCANOID\ARCANOID.vcxproj", "{2D7D4F36-2FD6-434B-A76F-0ECAA7FEEBBB}"
EndProject
Global
	GlobalSection(SolutionConfigurationPlatforms) = preSolution
		Debug|x64 = Debug|x64
		Debug|x86 = Debug|x86
		Release|x64 = Release|x64
		Release|x86 = Release|x86
	EndGlobalSection
	GlobalSection(ProjectConfigurationPlatforms) = postSolution
		{2D7D4F36-2FD6-434B-A76F-0ECAA7FEEBBB}.Debug|x64.ActiveCfg = Debug|x64
		{2D7D4F36-2FD6-434B-A76F-0ECAA7FEEBBB}.Debug|x64.Build.0 = Debug|x64
		{2D7D4F36-2FD6-434B-A76F-0ECAA7FEEBBB}.Debug|x86.ActiveCfg = Debug|Win32
		{2D7D4F36-2FD6-434B-A76F-0ECAA7FEEBBB}.Debug|x86.Build.0 = Debug|Win32
		{2D7D4F36-2FD6-434B-A76F-0ECAA7FEEBBB}.Release|x64.ActiveCfg = Release|x64
		{2D7D4F36-2FD6-434B-A76F-0ECAA7FEEBBB}.Release|x64.Build.0 = Release|x64
		{2D7D4F36-2FD6-434B-A76F-0ECAA7FEEBBB}.Release|x86.ActiveCfg = Release|Win32
		{2D7D4F36-2FD6-434B-A76F-0ECAA7FEEBBB}.Release|x86.Build.0 = Release|Win32
	EndGlobalSection
	GlobalSection(SolutionProperties) = preSolution
		HideSolutionNode = FALSE
	EndGlobalSection
	GlobalSection(ExtensibilityGlobals) = postSolution
		SolutionGuid = {47B4C17C-95DB-4FBF-B984-AF2E6DE20C3C}
	EndGlobalSection
EndGlobal
